{
  "requires": true,
  "lockfileVersion": 1,
  "dependencies": {
    "@ionic-native/network-interface": {
      "version": "5.3.0",
      "resolved": "https://registry.npmjs.org/@ionic-native/network-interface/-/network-interface-5.3.0.tgz",
      "integrity": "sha512-N3Nre2cdQfrmaq5Wc1/cOJZ9iHQ+X6tFR4bmneQGjXlNCrfFR4CLWacq8Op61+KqNUBs+EhvUQr2+4d3mHWVlA==",
      "requires": {
        "@types/cordova": "^0.0.34"
      }
    },
    "@types/cordova": {
      "version": "0.0.34",
      "resolved": "https://registry.npmjs.org/@types/cordova/-/cordova-0.0.34.tgz",
      "integrity": "sha1-6nrd907Ow9dimCegw54smt3HPQQ="
    },
    "cordova-plugin-flashlight": {
      "version": "3.2.0",
      "resolved": "https://registry.npmjs.org/cordova-plugin-flashlight/-/cordova-plugin-flashlight-3.2.0.tgz",
      "integrity": "sha1-0JpAzjCtNqnwBAUBJLboFSgfu7I="
    },
    "cordova-plugin-geolocation": {
      "version": "4.0.1",
      "resolved": "https://registry.npmjs.org/cordova-plugin-geolocation/-/cordova-plugin-geolocation-4.0.1.tgz",
      "integrity": "sha1-RwP6ZJ0kBdJamnMsmev4aHVKLAQ="
    },
    "cordova-plugin-networkinterface": {
      "version": "2.0.0",
      "resolved": "https://registry.npmjs.org/cordova-plugin-networkinterface/-/cordova-plugin-networkinterface-2.0.0.tgz",
      "integrity": "sha512-cvKkzUxhDhU1EYjFsj1wSYXBnK2qoop/7GiDenGPGR9JFHTYgi55HoJFxxBEaiPxH0uiKd97Bc/mw7ywdemjJQ=="
    },
    "cordova-plugin-vibration": {
      "version": "3.1.0",
      "resolved": "https://registry.npmjs.org/cordova-plugin-vibration/-/cordova-plugin-vibration-3.1.0.tgz",
      "integrity": "sha1-Y+V6HecuMYsJRO9yfXxO/xPKLJM="
    },
    "debug": {
      "version": "0.7.4",
      "resolved": "https://registry.npmjs.org/debug/-/debug-0.7.4.tgz",
      "integrity": "sha1-BuHqgILCyxTjmAbiLi9vdX+Srzk="
    },
    "geolocation": {
      "version": "0.2.0",
      "resolved": "https://registry.npmjs.org/geolocation/-/geolocation-0.2.0.tgz",
      "integrity": "sha1-aHd00Z9k8jD+b933y27gWCMnlrI=",
      "requires": {
        "debug": "~0.7.2",
        "inherits": "~2.0.0"
      }
    },
    "inherits": {
      "version": "2.0.3",
      "resolved": "https://registry.npmjs.org/inherits/-/inherits-2.0.3.tgz",
      "integrity": "sha1-Yzwsg+PaQqUC9SRmAiSA9CCCYd4="
    }
  }
}
