{
  "requires": true,
  "lockfileVersion": 1,
  "dependencies": {
    "cordova-plugin-flashlight": {
      "version": "3.2.0",
      "resolved": "https://registry.npmjs.org/cordova-plugin-flashlight/-/cordova-plugin-flashlight-3.2.0.tgz",
      "integrity": "sha1-0JpAzjCtNqnwBAUBJLboFSgfu7I="
    },
    "cordova-plugin-geolocation": {
      "version": "4.0.1",
      "resolved": "https://registry.npmjs.org/cordova-plugin-geolocation/-/cordova-plugin-geolocation-4.0.1.tgz",
      "integrity": "sha1-RwP6ZJ0kBdJamnMsmev4aHVKLAQ="
    },
    "cordova-plugin-vibration": {
      "version": "3.1.0",
      "resolved": "https://registry.npmjs.org/cordova-plugin-vibration/-/cordova-plugin-vibration-3.1.0.tgz",
      "integrity": "sha1-Y+V6HecuMYsJRO9yfXxO/xPKLJM="
    },
    "debug": {
      "version": "0.7.4",
      "resolved": "https://registry.npmjs.org/debug/-/debug-0.7.4.tgz",
      "integrity": "sha1-BuHqgILCyxTjmAbiLi9vdX+Srzk="
    },
    "geolocation": {
      "version": "0.2.0",
      "resolved": "https://registry.npmjs.org/geolocation/-/geolocation-0.2.0.tgz",
      "integrity": "sha1-aHd00Z9k8jD+b933y27gWCMnlrI=",
      "requires": {
        "debug": "~0.7.2",
        "inherits": "~2.0.0"
      }
    },
    "inherits": {
      "version": "2.0.3",
      "resolved": "https://registry.npmjs.org/inherits/-/inherits-2.0.3.tgz",
      "integrity": "sha1-Yzwsg+PaQqUC9SRmAiSA9CCCYd4="
    }
  }
}
